
Microsoft Visual Studio Solution File, Format Version 12.00
# Visual Studio 15
VisualStudioVersion = 15.0.28307.539
MinimumVisualStudioVersion = 10.0.40219.1
Project("{FAE04EC0-301F-11D3-BF4B-00C04F79EFBC}") = "viamericas", "viamericas\viamericas.csproj", "{D7A2220B-4245-4D83-8433-3A40CDDC3D15}"
EndProject
Global
	GlobalSection(SolutionConfigurationPlatforms) = preSolution
		Debug|Any CPU = Debug|Any CPU
		Release|Any CPU = Release|Any CPU
	EndGlobalSection
	GlobalSection(ProjectConfigurationPlatforms) = postSolution
		{D7A2220B-4245-4D83-8433-3A40CDDC3D15}.Debug|Any CPU.ActiveCfg = Debug|Any CPU
		{D7A2220B-4245-4D83-8433-3A40CDDC3D15}.Debug|Any CPU.Build.0 = Debug|Any CPU
		{D7A2220B-4245-4D83-8433-3A40CDDC3D15}.Release|Any CPU.ActiveCfg = Release|Any CPU
		{D7A2220B-4245-4D83-8433-3A40CDDC3D15}.Release|Any CPU.Build.0 = Release|Any CPU
	EndGlobalSection
	GlobalSection(SolutionProperties) = preSolution
		HideSolutionNode = FALSE
	EndGlobalSection
	GlobalSection(ExtensibilityGlobals) = postSolution
		SolutionGuid = {5A58FFBE-9242-4EC0-BF23-E53E220459FF}
	EndGlobalSection
EndGlobal
